
Microsoft Visual Studio Solution File, Format Version 12.00
# Visual Studio Version 17
VisualStudioVersion = 17.11.35327.3
MinimumVisualStudioVersion = 10.0.40219.1
Project("{FAE04EC0-301F-11D3-BF4B-00C04F79EFBC}") = "SocialNetworkMusician", "SocialNetworkMusician\SocialNetworkMusician.csproj", "{60DEAFBD-6D9A-4353-A6D9-6C8B5160EF0A}"
EndProject
Project("{FAE04EC0-301F-11D3-BF4B-00C04F79EFBC}") = "SocialNetworkMusician.Data", "SocialNetworkMusician.Data\SocialNetworkMusician.Data.csproj", "{3598E6E8-E777-4835-9663-4E304E5F1CC8}"
EndProject
Global
	GlobalSection(SolutionConfigurationPlatforms) = preSolution
		Debug|Any CPU = Debug|Any CPU
		Release|Any CPU = Release|Any CPU
	EndGlobalSection
	GlobalSection(ProjectConfigurationPlatforms) = postSolution
		{60DEAFBD-6D9A-4353-A6D9-6C8B5160EF0A}.Debug|Any CPU.ActiveCfg = Debug|Any CPU
		{60DEAFBD-6D9A-4353-A6D9-6C8B5160EF0A}.Debug|Any CPU.Build.0 = Debug|Any CPU
		{60DEAFBD-6D9A-4353-A6D9-6C8B5160EF0A}.Release|Any CPU.ActiveCfg = Release|Any CPU
		{60DEAFBD-6D9A-4353-A6D9-6C8B5160EF0A}.Release|Any CPU.Build.0 = Release|Any CPU
		{3598E6E8-E777-4835-9663-4E304E5F1CC8}.Debug|Any CPU.ActiveCfg = Debug|Any CPU
		{3598E6E8-E777-4835-9663-4E304E5F1CC8}.Debug|Any CPU.Build.0 = Debug|Any CPU
		{3598E6E8-E777-4835-9663-4E304E5F1CC8}.Release|Any CPU.ActiveCfg = Release|Any CPU
		{3598E6E8-E777-4835-9663-4E304E5F1CC8}.Release|Any CPU.Build.0 = Release|Any CPU
	EndGlobalSection
	GlobalSection(SolutionProperties) = preSolution
		HideSolutionNode = FALSE
	EndGlobalSection
	GlobalSection(ExtensibilityGlobals) = postSolution
		SolutionGuid = {39275D77-4939-47C8-BF3F-B7640F376E67}
	EndGlobalSection
EndGlobal
